
Microsoft Visual Studio Solution File, Format Version 12.00
# Visual Studio 14
VisualStudioVersion = 14.0.25420.1
MinimumVisualStudioVersion = 10.0.40219.1
Project("{FAE04EC0-301F-11D3-BF4B-00C04F79EFBC}") = "StarterKit.Droid", "StarterKit\StarterKit.Droid\StarterKit.Droid.csproj", "{9CB14DA3-55B7-4099-8156-F2FEC1F37144}"
EndProject
Project("{FAE04EC0-301F-11D3-BF4B-00C04F79EFBC}") = "StarterKit.iOS", "StarterKit\StarterKit.iOS\StarterKit.iOS.csproj", "{43011DA1-D27C-4315-8E8F-91F31EBE44BC}"
EndProject
Project("{FAE04EC0-301F-11D3-BF4B-00C04F79EFBC}") = "StarterKit.WinPhone", "StarterKit\StarterKit.WinPhone\StarterKit.WinPhone.csproj", "{C484223B-A083-4FC1-9C7D-BF506AA9D2B7}"
EndProject
Project("{FAE04EC0-301F-11D3-BF4B-00C04F79EFBC}") = "StarterKit.UWP", "StarterKit\StarterKit.UWP\StarterKit.UWP.csproj", "{7169BD81-F349-475C-A887-059520B078B7}"
EndProject
Project("{FAE04EC0-301F-11D3-BF4B-00C04F79EFBC}") = "StarterKit.Windows", "StarterKit\StarterKit.Windows\StarterKit.Windows.csproj", "{6545FE92-CC29-4787-8176-7664EAAF9EFE}"
EndProject
Project("{FAE04EC0-301F-11D3-BF4B-00C04F79EFBC}") = "StarterKit", "StarterKit\StarterKit\StarterKit.csproj", "{5A944EDC-7056-494A-ACEA-A8D82D5842EE}"
EndProject
Global
	GlobalSection(SolutionConfigurationPlatforms) = preSolution
		Ad-Hoc|Any CPU = Ad-Hoc|Any CPU
		Ad-Hoc|ARM = Ad-Hoc|ARM
		Ad-Hoc|iPhone = Ad-Hoc|iPhone
		Ad-Hoc|iPhoneSimulator = Ad-Hoc|iPhoneSimulator
		Ad-Hoc|x64 = Ad-Hoc|x64
		Ad-Hoc|x86 = Ad-Hoc|x86
		AppStore|Any CPU = AppStore|Any CPU
		AppStore|ARM = AppStore|ARM
		AppStore|iPhone = AppStore|iPhone
		AppStore|iPhoneSimulator = AppStore|iPhoneSimulator
		AppStore|x64 = AppStore|x64
		AppStore|x86 = AppStore|x86
		Debug|Any CPU = Debug|Any CPU
		Debug|ARM = Debug|ARM
		Debug|iPhone = Debug|iPhone
		Debug|iPhoneSimulator = Debug|iPhoneSimulator
		Debug|x64 = Debug|x64
		Debug|x86 = Debug|x86
		Release|Any CPU = Release|Any CPU
		Release|ARM = Release|ARM
		Release|iPhone = Release|iPhone
		Release|iPhoneSimulator = Release|iPhoneSimulator
		Release|x64 = Release|x64
		Release|x86 = Release|x86
	EndGlobalSection
	GlobalSection(ProjectConfigurationPlatforms) = postSolution
		{9CB14DA3-55B7-4099-8156-F2FEC1F37144}.Ad-Hoc|Any CPU.ActiveCfg = Release|Any CPU
		{9CB14DA3-55B7-4099-8156-F2FEC1F37144}.Ad-Hoc|Any CPU.Build.0 = Release|Any CPU
		{9CB14DA3-55B7-4099-8156-F2FEC1F37144}.Ad-Hoc|Any CPU.Deploy.0 = Release|Any CPU
		{9CB14DA3-55B7-4099-8156-F2FEC1F37144}.Ad-Hoc|ARM.ActiveCfg = Release|Any CPU
		{9CB14DA3-55B7-4099-8156-F2FEC1F37144}.Ad-Hoc|ARM.Build.0 = Release|Any CPU
		{9CB14DA3-55B7-4099-8156-F2FEC1F37144}.Ad-Hoc|ARM.Deploy.0 = Release|Any CPU
		{9CB14DA3-55B7-4099-8156-F2FEC1F37144}.Ad-Hoc|iPhone.ActiveCfg = Release|Any CPU
		{9CB14DA3-55B7-4099-8156-F2FEC1F37144}.Ad-Hoc|iPhone.Build.0 = Release|Any CPU
		{9CB14DA3-55B7-4099-8156-F2FEC1F37144}.Ad-Hoc|iPhone.Deploy.0 = Release|Any CPU
		{9CB14DA3-55B7-4099-8156-F2FEC1F37144}.Ad-Hoc|iPhoneSimulator.ActiveCfg = Release|Any CPU
		{9CB14DA3-55B7-4099-8156-F2FEC1F37144}.Ad-Hoc|iPhoneSimulator.Build.0 = Release|Any CPU
		{9CB14DA3-55B7-4099-8156-F2FEC1F37144}.Ad-Hoc|iPhoneSimulator.Deploy.0 = Release|Any CPU
		{9CB14DA3-55B7-4099-8156-F2FEC1F37144}.Ad-Hoc|x64.ActiveCfg = Release|Any CPU
		{9CB14DA3-55B7-4099-8156-F2FEC1F37144}.Ad-Hoc|x64.Build.0 = Release|Any CPU
		{9CB14DA3-55B7-4099-8156-F2FEC1F37144}.Ad-Hoc|x64.Deploy.0 = Release|Any CPU
		{9CB14DA3-55B7-4099-8156-F2FEC1F37144}.Ad-Hoc|x86.ActiveCfg = Release|Any CPU
		{9CB14DA3-55B7-4099-8156-F2FEC1F37144}.Ad-Hoc|x86.Build.0 = Release|Any CPU
		{9CB14DA3-55B7-4099-8156-F2FEC1F37144}.Ad-Hoc|x86.Deploy.0 = Release|Any CPU
		{9CB14DA3-55B7-4099-8156-F2FEC1F37144}.AppStore|Any CPU.ActiveCfg = Release|Any CPU
		{9CB14DA3-55B7-4099-8156-F2FEC1F37144}.AppStore|Any CPU.Build.0 = Release|Any CPU
		{9CB14DA3-55B7-4099-8156-F2FEC1F37144}.AppStore|Any CPU.Deploy.0 = Release|Any CPU
		{9CB14DA3-55B7-4099-8156-F2FEC1F37144}.AppStore|ARM.ActiveCfg = Release|Any CPU
		{9CB14DA3-55B7-4099-8156-F2FEC1F37144}.AppStore|ARM.Build.0 = Release|Any CPU
		{9CB14DA3-55B7-4099-8156-F2FEC1F37144}.AppStore|ARM.Deploy.0 = Release|Any CPU
		{9CB14DA3-55B7-4099-8156-F2FEC1F37144}.AppStore|iPhone.ActiveCfg = Release|Any CPU
		{9CB14DA3-55B7-4099-8156-F2FEC1F37144}.AppStore|iPhone.Build.0 = Release|Any CPU
		{9CB14DA3-55B7-4099-8156-F2FEC1F37144}.AppStore|iPhone.Deploy.0 = Release|Any CPU
		{9CB14DA3-55B7-4099-8156-F2FEC1F37144}.AppStore|iPhoneSimulator.ActiveCfg = Release|Any CPU
		{9CB14DA3-55B7-4099-8156-F2FEC1F37144}.AppStore|iPhoneSimulator.Build.0 = Release|Any CPU
		{9CB14DA3-55B7-4099-8156-F2FEC1F37144}.AppStore|iPhoneSimulator.Deploy.0 = Release|Any CPU
		{9CB14DA3-55B7-4099-8156-F2FEC1F37144}.AppStore|x64.ActiveCfg = Release|Any CPU
		{9CB14DA3-55B7-4099-8156-F2FEC1F37144}.AppStore|x64.Build.0 = Release|Any CPU
		{9CB14DA3-55B7-4099-8156-F2FEC1F37144}.AppStore|x64.Deploy.0 = Release|Any CPU
		{9CB14DA3-55B7-4099-8156-F2FEC1F37144}.AppStore|x86.ActiveCfg = Release|Any CPU
		{9CB14DA3-55B7-4099-8156-F2FEC1F37144}.AppStore|x86.Build.0 = Release|Any CPU
		{9CB14DA3-55B7-4099-8156-F2FEC1F37144}.AppStore|x86.Deploy.0 = Release|Any CPU
		{9CB14DA3-55B7-4099-8156-F2FEC1F37144}.Debug|Any CPU.ActiveCfg = Debug|Any CPU
		{9CB14DA3-55B7-4099-8156-F2FEC1F37144}.Debug|Any CPU.Build.0 = Debug|Any CPU
		{9CB14DA3-55B7-4099-8156-F2FEC1F37144}.Debug|Any CPU.Deploy.0 = Debug|Any CPU
		{9CB14DA3-55B7-4099-8156-F2FEC1F37144}.Debug|ARM.ActiveCfg = Debug|Any CPU
		{9CB14DA3-55B7-4099-8156-F2FEC1F37144}.Debug|ARM.Build.0 = Debug|Any CPU
		{9CB14DA3-55B7-4099-8156-F2FEC1F37144}.Debug|ARM.Deploy.0 = Debug|Any CPU
		{9CB14DA3-55B7-4099-8156-F2FEC1F37144}.Debug|iPhone.ActiveCfg = Debug|Any CPU
		{9CB14DA3-55B7-4099-8156-F2FEC1F37144}.Debug|iPhone.Build.0 = Debug|Any CPU
		{9CB14DA3-55B7-4099-8156-F2FEC1F37144}.Debug|iPhone.Deploy.0 = Debug|Any CPU
		{9CB14DA3-55B7-4099-8156-F2FEC1F37144}.Debug|iPhoneSimulator.ActiveCfg = Debug|Any CPU
		{9CB14DA3-55B7-4099-8156-F2FEC1F37144}.Debug|iPhoneSimulator.Build.0 = Debug|Any CPU
		{9CB14DA3-55B7-4099-8156-F2FEC1F37144}.Debug|iPhoneSimulator.Deploy.0 = Debug|Any CPU
		{9CB14DA3-55B7-4099-8156-F2FEC1F37144}.Debug|x64.ActiveCfg = Debug|Any CPU
		{9CB14DA3-55B7-4099-8156-F2FEC1F37144}.Debug|x64.Build.0 = Debug|Any CPU
		{9CB14DA3-55B7-4099-8156-F2FEC1F37144}.Debug|x64.Deploy.0 = Debug|Any CPU
		{9CB14DA3-55B7-4099-8156-F2FEC1F37144}.Debug|x86.ActiveCfg = Debug|Any CPU
		{9CB14DA3-55B7-4099-8156-F2FEC1F37144}.Debug|x86.Build.0 = Debug|Any CPU
		{9CB14DA3-55B7-4099-8156-F2FEC1F37144}.Debug|x86.Deploy.0 = Debug|Any CPU
		{9CB14DA3-55B7-4099-8156-F2FEC1F37144}.Release|Any CPU.ActiveCfg = Release|Any CPU
		{9CB14DA3-55B7-4099-8156-F2FEC1F37144}.Release|Any CPU.Build.0 = Release|Any CPU
		{9CB14DA3-55B7-4099-8156-F2FEC1F37144}.Release|Any CPU.Deploy.0 = Release|Any CPU
		{9CB14DA3-55B7-4099-8156-F2FEC1F37144}.Release|ARM.ActiveCfg = Release|Any CPU
		{9CB14DA3-55B7-4099-8156-F2FEC1F37144}.Release|ARM.Build.0 = Release|Any CPU
		{9CB14DA3-55B7-4099-8156-F2FEC1F37144}.Release|ARM.Deploy.0 = Release|Any CPU
		{9CB14DA3-55B7-4099-8156-F2FEC1F37144}.Release|iPhone.ActiveCfg = Release|Any CPU
		{9CB14DA3-55B7-4099-8156-F2FEC1F37144}.Release|iPhone.Build.0 = Release|Any CPU
		{9CB14DA3-55B7-4099-8156-F2FEC1F37144}.Release|iPhone.Deploy.0 = Release|Any CPU
		{9CB14DA3-55B7-4099-8156-F2FEC1F37144}.Release|iPhoneSimulator.ActiveCfg = Release|Any CPU
		{9CB14DA3-55B7-4099-8156-F2FEC1F37144}.Release|iPhoneSimulator.Build.0 = Release|Any CPU
		{9CB14DA3-55B7-4099-8156-F2FEC1F37144}.Release|iPhoneSimulator.Deploy.0 = Release|Any CPU
		{9CB14DA3-55B7-4099-8156-F2FEC1F37144}.Release|x64.ActiveCfg = Release|Any CPU
		{9CB14DA3-55B7-4099-8156-F2FEC1F37144}.Release|x64.Build.0 = Release|Any CPU
		{9CB14DA3-55B7-4099-8156-F2FEC1F37144}.Release|x64.Deploy.0 = Release|Any CPU
		{9CB14DA3-55B7-4099-8156-F2FEC1F37144}.Release|x86.ActiveCfg = Release|Any CPU
		{9CB14DA3-55B7-4099-8156-F2FEC1F37144}.Release|x86.Build.0 = Release|Any CPU
		{9CB14DA3-55B7-4099-8156-F2FEC1F37144}.Release|x86.Deploy.0 = Release|Any CPU
		{43011DA1-D27C-4315-8E8F-91F31EBE44BC}.Ad-Hoc|Any CPU.ActiveCfg = Ad-Hoc|iPhone
		{43011DA1-D27C-4315-8E8F-91F31EBE44BC}.Ad-Hoc|ARM.ActiveCfg = Ad-Hoc|iPhone
		{43011DA1-D27C-4315-8E8F-91F31EBE44BC}.Ad-Hoc|iPhone.ActiveCfg = Ad-Hoc|iPhone
		{43011DA1-D27C-4315-8E8F-91F31EBE44BC}.Ad-Hoc|iPhone.Build.0 = Ad-Hoc|iPhone
		{43011DA1-D27C-4315-8E8F-91F31EBE44BC}.Ad-Hoc|iPhoneSimulator.ActiveCfg = Ad-Hoc|iPhoneSimulator
		{43011DA1-D27C-4315-8E8F-91F31EBE44BC}.Ad-Hoc|iPhoneSimulator.Build.0 = Ad-Hoc|iPhoneSimulator
		{43011DA1-D27C-4315-8E8F-91F31EBE44BC}.Ad-Hoc|x64.ActiveCfg = Ad-Hoc|iPhone
		{43011DA1-D27C-4315-8E8F-91F31EBE44BC}.Ad-Hoc|x86.ActiveCfg = Ad-Hoc|iPhone
		{43011DA1-D27C-4315-8E8F-91F31EBE44BC}.AppStore|Any CPU.ActiveCfg = AppStore|iPhone
		{43011DA1-D27C-4315-8E8F-91F31EBE44BC}.AppStore|ARM.ActiveCfg = AppStore|iPhone
		{43011DA1-D27C-4315-8E8F-91F31EBE44BC}.AppStore|iPhone.ActiveCfg = AppStore|iPhone
		{43011DA1-D27C-4315-8E8F-91F31EBE44BC}.AppStore|iPhone.Build.0 = AppStore|iPhone
		{43011DA1-D27C-4315-8E8F-91F31EBE44BC}.AppStore|iPhoneSimulator.ActiveCfg = AppStore|iPhoneSimulator
		{43011DA1-D27C-4315-8E8F-91F31EBE44BC}.AppStore|iPhoneSimulator.Build.0 = AppStore|iPhoneSimulator
		{43011DA1-D27C-4315-8E8F-91F31EBE44BC}.AppStore|x64.ActiveCfg = AppStore|iPhone
		{43011DA1-D27C-4315-8E8F-91F31EBE44BC}.AppStore|x86.ActiveCfg = AppStore|iPhone
		{43011DA1-D27C-4315-8E8F-91F31EBE44BC}.Debug|Any CPU.ActiveCfg = Debug|iPhone
		{43011DA1-D27C-4315-8E8F-91F31EBE44BC}.Debug|ARM.ActiveCfg = Debug|iPhone
		{43011DA1-D27C-4315-8E8F-91F31EBE44BC}.Debug|iPhone.ActiveCfg = Debug|iPhone
		{43011DA1-D27C-4315-8E8F-91F31EBE44BC}.Debug|iPhone.Build.0 = Debug|iPhone
		{43011DA1-D27C-4315-8E8F-91F31EBE44BC}.Debug|iPhoneSimulator.ActiveCfg = Debug|iPhoneSimulator
		{43011DA1-D27C-4315-8E8F-91F31EBE44BC}.Debug|iPhoneSimulator.Build.0 = Debug|iPhoneSimulator
		{43011DA1-D27C-4315-8E8F-91F31EBE44BC}.Debug|x64.ActiveCfg = Debug|iPhone
		{43011DA1-D27C-4315-8E8F-91F31EBE44BC}.Debug|x86.ActiveCfg = Debug|iPhone
		{43011DA1-D27C-4315-8E8F-91F31EBE44BC}.Release|Any CPU.ActiveCfg = Release|iPhone
		{43011DA1-D27C-4315-8E8F-91F31EBE44BC}.Release|ARM.ActiveCfg = Release|iPhone
		{43011DA1-D27C-4315-8E8F-91F31EBE44BC}.Release|iPhone.ActiveCfg = Release|iPhone
		{43011DA1-D27C-4315-8E8F-91F31EBE44BC}.Release|iPhone.Build.0 = Release|iPhone
		{43011DA1-D27C-4315-8E8F-91F31EBE44BC}.Release|iPhoneSimulator.ActiveCfg = Release|iPhoneSimulator
		{43011DA1-D27C-4315-8E8F-91F31EBE44BC}.Release|iPhoneSimulator.Build.0 = Release|iPhoneSimulator
		{43011DA1-D27C-4315-8E8F-91F31EBE44BC}.Release|x64.ActiveCfg = Release|iPhone
		{43011DA1-D27C-4315-8E8F-91F31EBE44BC}.Release|x86.ActiveCfg = Release|iPhone
		{C484223B-A083-4FC1-9C7D-BF506AA9D2B7}.Ad-Hoc|Any CPU.ActiveCfg = Release|Any CPU
		{C484223B-A083-4FC1-9C7D-BF506AA9D2B7}.Ad-Hoc|Any CPU.Build.0 = Release|Any CPU
		{C484223B-A083-4FC1-9C7D-BF506AA9D2B7}.Ad-Hoc|Any CPU.Deploy.0 = Release|Any CPU
		{C484223B-A083-4FC1-9C7D-BF506AA9D2B7}.Ad-Hoc|ARM.ActiveCfg = Release|ARM
		{C484223B-A083-4FC1-9C7D-BF506AA9D2B7}.Ad-Hoc|ARM.Build.0 = Release|ARM
		{C484223B-A083-4FC1-9C7D-BF506AA9D2B7}.Ad-Hoc|ARM.Deploy.0 = Release|ARM
		{C484223B-A083-4FC1-9C7D-BF506AA9D2B7}.Ad-Hoc|iPhone.ActiveCfg = Release|Any CPU
		{C484223B-A083-4FC1-9C7D-BF506AA9D2B7}.Ad-Hoc|iPhone.Build.0 = Release|Any CPU
		{C484223B-A083-4FC1-9C7D-BF506AA9D2B7}.Ad-Hoc|iPhone.Deploy.0 = Release|Any CPU
		{C484223B-A083-4FC1-9C7D-BF506AA9D2B7}.Ad-Hoc|iPhoneSimulator.ActiveCfg = Release|Any CPU
		{C484223B-A083-4FC1-9C7D-BF506AA9D2B7}.Ad-Hoc|iPhoneSimulator.Build.0 = Release|Any CPU
		{C484223B-A083-4FC1-9C7D-BF506AA9D2B7}.Ad-Hoc|iPhoneSimulator.Deploy.0 = Release|Any CPU
		{C484223B-A083-4FC1-9C7D-BF506AA9D2B7}.Ad-Hoc|x64.ActiveCfg = Release|Any CPU
		{C484223B-A083-4FC1-9C7D-BF506AA9D2B7}.Ad-Hoc|x64.Build.0 = Release|Any CPU
		{C484223B-A083-4FC1-9C7D-BF506AA9D2B7}.Ad-Hoc|x64.Deploy.0 = Release|Any CPU
		{C484223B-A083-4FC1-9C7D-BF506AA9D2B7}.Ad-Hoc|x86.ActiveCfg = Release|x86
		{C484223B-A083-4FC1-9C7D-BF506AA9D2B7}.Ad-Hoc|x86.Build.0 = Release|x86
		{C484223B-A083-4FC1-9C7D-BF506AA9D2B7}.Ad-Hoc|x86.Deploy.0 = Release|x86
		{C484223B-A083-4FC1-9C7D-BF506AA9D2B7}.AppStore|Any CPU.ActiveCfg = Release|Any CPU
		{C484223B-A083-4FC1-9C7D-BF506AA9D2B7}.AppStore|Any CPU.Build.0 = Release|Any CPU
		{C484223B-A083-4FC1-9C7D-BF506AA9D2B7}.AppStore|Any CPU.Deploy.0 = Release|Any CPU
		{C484223B-A083-4FC1-9C7D-BF506AA9D2B7}.AppStore|ARM.ActiveCfg = Release|ARM
		{C484223B-A083-4FC1-9C7D-BF506AA9D2B7}.AppStore|ARM.Build.0 = Release|ARM
		{C484223B-A083-4FC1-9C7D-BF506AA9D2B7}.AppStore|ARM.Deploy.0 = Release|ARM
		{C484223B-A083-4FC1-9C7D-BF506AA9D2B7}.AppStore|iPhone.ActiveCfg = Release|Any CPU
		{C484223B-A083-4FC1-9C7D-BF506AA9D2B7}.AppStore|iPhone.Build.0 = Release|Any CPU
		{C484223B-A083-4FC1-9C7D-BF506AA9D2B7}.AppStore|iPhone.Deploy.0 = Release|Any CPU
		{C484223B-A083-4FC1-9C7D-BF506AA9D2B7}.AppStore|iPhoneSimulator.ActiveCfg = Release|Any CPU
		{C484223B-A083-4FC1-9C7D-BF506AA9D2B7}.AppStore|iPhoneSimulator.Build.0 = Release|Any CPU
		{C484223B-A083-4FC1-9C7D-BF506AA9D2B7}.AppStore|iPhoneSimulator.Deploy.0 = Release|Any CPU
		{C484223B-A083-4FC1-9C7D-BF506AA9D2B7}.AppStore|x64.ActiveCfg = Release|Any CPU
		{C484223B-A083-4FC1-9C7D-BF506AA9D2B7}.AppStore|x64.Build.0 = Release|Any CPU
		{C484223B-A083-4FC1-9C7D-BF506AA9D2B7}.AppStore|x64.Deploy.0 = Release|Any CPU
		{C484223B-A083-4FC1-9C7D-BF506AA9D2B7}.AppStore|x86.ActiveCfg = Release|x86
		{C484223B-A083-4FC1-9C7D-BF506AA9D2B7}.AppStore|x86.Build.0 = Release|x86
		{C484223B-A083-4FC1-9C7D-BF506AA9D2B7}.AppStore|x86.Deploy.0 = Release|x86
		{C484223B-A083-4FC1-9C7D-BF506AA9D2B7}.Debug|Any CPU.ActiveCfg = Debug|Any CPU
		{C484223B-A083-4FC1-9C7D-BF506AA9D2B7}.Debug|Any CPU.Build.0 = Debug|Any CPU
		{C484223B-A083-4FC1-9C7D-BF506AA9D2B7}.Debug|Any CPU.Deploy.0 = Debug|Any CPU
		{C484223B-A083-4FC1-9C7D-BF506AA9D2B7}.Debug|ARM.ActiveCfg = Debug|ARM
		{C484223B-A083-4FC1-9C7D-BF506AA9D2B7}.Debug|ARM.Build.0 = Debug|ARM
		{C484223B-A083-4FC1-9C7D-BF506AA9D2B7}.Debug|ARM.Deploy.0 = Debug|ARM
		{C484223B-A083-4FC1-9C7D-BF506AA9D2B7}.Debug|iPhone.ActiveCfg = Debug|Any CPU
		{C484223B-A083-4FC1-9C7D-BF506AA9D2B7}.Debug|iPhone.Build.0 = Debug|Any CPU
		{C484223B-A083-4FC1-9C7D-BF506AA9D2B7}.Debug|iPhone.Deploy.0 = Debug|Any CPU
		{C484223B-A083-4FC1-9C7D-BF506AA9D2B7}.Debug|iPhoneSimulator.ActiveCfg = Debug|Any CPU
		{C484223B-A083-4FC1-9C7D-BF506AA9D2B7}.Debug|iPhoneSimulator.Build.0 = Debug|Any CPU
		{C484223B-A083-4FC1-9C7D-BF506AA9D2B7}.Debug|iPhoneSimulator.Deploy.0 = Debug|Any CPU
		{C484223B-A083-4FC1-9C7D-BF506AA9D2B7}.Debug|x64.ActiveCfg = Debug|Any CPU
		{C484223B-A083-4FC1-9C7D-BF506AA9D2B7}.Debug|x64.Build.0 = Debug|Any CPU
		{C484223B-A083-4FC1-9C7D-BF506AA9D2B7}.Debug|x64.Deploy.0 = Debug|Any CPU
		{C484223B-A083-4FC1-9C7D-BF506AA9D2B7}.Debug|x86.ActiveCfg = Debug|x86
		{C484223B-A083-4FC1-9C7D-BF506AA9D2B7}.Debug|x86.Build.0 = Debug|x86
		{C484223B-A083-4FC1-9C7D-BF506AA9D2B7}.Debug|x86.Deploy.0 = Debug|x86
		{C484223B-A083-4FC1-9C7D-BF506AA9D2B7}.Release|Any CPU.ActiveCfg = Release|Any CPU
		{C484223B-A083-4FC1-9C7D-BF506AA9D2B7}.Release|Any CPU.Build.0 = Release|Any CPU
		{C484223B-A083-4FC1-9C7D-BF506AA9D2B7}.Release|Any CPU.Deploy.0 = Release|Any CPU
		{C484223B-A083-4FC1-9C7D-BF506AA9D2B7}.Release|ARM.ActiveCfg = Release|ARM
		{C484223B-A083-4FC1-9C7D-BF506AA9D2B7}.Release|ARM.Build.0 = Release|ARM
		{C484223B-A083-4FC1-9C7D-BF506AA9D2B7}.Release|ARM.Deploy.0 = Release|ARM
		{C484223B-A083-4FC1-9C7D-BF506AA9D2B7}.Release|iPhone.ActiveCfg = Release|Any CPU
		{C484223B-A083-4FC1-9C7D-BF506AA9D2B7}.Release|iPhone.Build.0 = Release|Any CPU
		{C484223B-A083-4FC1-9C7D-BF506AA9D2B7}.Release|iPhone.Deploy.0 = Release|Any CPU
		{C484223B-A083-4FC1-9C7D-BF506AA9D2B7}.Release|iPhoneSimulator.ActiveCfg = Release|Any CPU
		{C484223B-A083-4FC1-9C7D-BF506AA9D2B7}.Release|iPhoneSimulator.Build.0 = Release|Any CPU
		{C484223B-A083-4FC1-9C7D-BF506AA9D2B7}.Release|iPhoneSimulator.Deploy.0 = Release|Any CPU
		{C484223B-A083-4FC1-9C7D-BF506AA9D2B7}.Release|x64.ActiveCfg = Release|Any CPU
		{C484223B-A083-4FC1-9C7D-BF506AA9D2B7}.Release|x64.Build.0 = Release|Any CPU
		{C484223B-A083-4FC1-9C7D-BF506AA9D2B7}.Release|x64.Deploy.0 = Release|Any CPU
		{C484223B-A083-4FC1-9C7D-BF506AA9D2B7}.Release|x86.ActiveCfg = Release|x86
		{C484223B-A083-4FC1-9C7D-BF506AA9D2B7}.Release|x86.Build.0 = Release|x86
		{C484223B-A083-4FC1-9C7D-BF506AA9D2B7}.Release|x86.Deploy.0 = Release|x86
		{7169BD81-F349-475C-A887-059520B078B7}.Ad-Hoc|Any CPU.ActiveCfg = Release|x86
		{7169BD81-F349-475C-A887-059520B078B7}.Ad-Hoc|Any CPU.Build.0 = Release|x86
		{7169BD81-F349-475C-A887-059520B078B7}.Ad-Hoc|Any CPU.Deploy.0 = Release|x86
		{7169BD81-F349-475C-A887-059520B078B7}.Ad-Hoc|ARM.ActiveCfg = Release|ARM
		{7169BD81-F349-475C-A887-059520B078B7}.Ad-Hoc|ARM.Build.0 = Release|ARM
		{7169BD81-F349-475C-A887-059520B078B7}.Ad-Hoc|ARM.Deploy.0 = Release|ARM
		{7169BD81-F349-475C-A887-059520B078B7}.Ad-Hoc|iPhone.ActiveCfg = Release|x86
		{7169BD81-F349-475C-A887-059520B078B7}.Ad-Hoc|iPhone.Build.0 = Release|x86
		{7169BD81-F349-475C-A887-059520B078B7}.Ad-Hoc|iPhone.Deploy.0 = Release|x86
		{7169BD81-F349-475C-A887-059520B078B7}.Ad-Hoc|iPhoneSimulator.ActiveCfg = Release|x86
		{7169BD81-F349-475C-A887-059520B078B7}.Ad-Hoc|iPhoneSimulator.Build.0 = Release|x86
		{7169BD81-F349-475C-A887-059520B078B7}.Ad-Hoc|iPhoneSimulator.Deploy.0 = Release|x86
		{7169BD81-F349-475C-A887-059520B078B7}.Ad-Hoc|x64.ActiveCfg = Release|x64
		{7169BD81-F349-475C-A887-059520B078B7}.Ad-Hoc|x64.Build.0 = Release|x64
		{7169BD81-F349-475C-A887-059520B078B7}.Ad-Hoc|x64.Deploy.0 = Release|x64
		{7169BD81-F349-475C-A887-059520B078B7}.Ad-Hoc|x86.ActiveCfg = Release|x86
		{7169BD81-F349-475C-A887-059520B078B7}.Ad-Hoc|x86.Build.0 = Release|x86
		{7169BD81-F349-475C-A887-059520B078B7}.Ad-Hoc|x86.Deploy.0 = Release|x86
		{7169BD81-F349-475C-A887-059520B078B7}.AppStore|Any CPU.ActiveCfg = Release|x86
		{7169BD81-F349-475C-A887-059520B078B7}.AppStore|Any CPU.Build.0 = Release|x86
		{7169BD81-F349-475C-A887-059520B078B7}.AppStore|Any CPU.Deploy.0 = Release|x86
		{7169BD81-F349-475C-A887-059520B078B7}.AppStore|ARM.ActiveCfg = Release|ARM
		{7169BD81-F349-475C-A887-059520B078B7}.AppStore|ARM.Build.0 = Release|ARM
		{7169BD81-F349-475C-A887-059520B078B7}.AppStore|ARM.Deploy.0 = Release|ARM
		{7169BD81-F349-475C-A887-059520B078B7}.AppStore|iPhone.ActiveCfg = Release|x86
		{7169BD81-F349-475C-A887-059520B078B7}.AppStore|iPhone.Build.0 = Release|x86
		{7169BD81-F349-475C-A887-059520B078B7}.AppStore|iPhone.Deploy.0 = Release|x86
		{7169BD81-F349-475C-A887-059520B078B7}.AppStore|iPhoneSimulator.ActiveCfg = Release|x86
		{7169BD81-F349-475C-A887-059520B078B7}.AppStore|iPhoneSimulator.Build.0 = Release|x86
		{7169BD81-F349-475C-A887-059520B078B7}.AppStore|iPhoneSimulator.Deploy.0 = Release|x86
		{7169BD81-F349-475C-A887-059520B078B7}.AppStore|x64.ActiveCfg = Release|x64
		{7169BD81-F349-475C-A887-059520B078B7}.AppStore|x64.Build.0 = Release|x64
		{7169BD81-F349-475C-A887-059520B078B7}.AppStore|x64.Deploy.0 = Release|x64
		{7169BD81-F349-475C-A887-059520B078B7}.AppStore|x86.ActiveCfg = Release|x86
		{7169BD81-F349-475C-A887-059520B078B7}.AppStore|x86.Build.0 = Release|x86
		{7169BD81-F349-475C-A887-059520B078B7}.AppStore|x86.Deploy.0 = Release|x86
		{7169BD81-F349-475C-A887-059520B078B7}.Debug|Any CPU.ActiveCfg = Debug|x86
		{7169BD81-F349-475C-A887-059520B078B7}.Debug|ARM.ActiveCfg = Debug|ARM
		{7169BD81-F349-475C-A887-059520B078B7}.Debug|ARM.Build.0 = Debug|ARM
		{7169BD81-F349-475C-A887-059520B078B7}.Debug|ARM.Deploy.0 = Debug|ARM
		{7169BD81-F349-475C-A887-059520B078B7}.Debug|iPhone.ActiveCfg = Debug|x86
		{7169BD81-F349-475C-A887-059520B078B7}.Debug|iPhoneSimulator.ActiveCfg = Debug|x86
		{7169BD81-F349-475C-A887-059520B078B7}.Debug|x64.ActiveCfg = Debug|x64
		{7169BD81-F349-475C-A887-059520B078B7}.Debug|x64.Build.0 = Debug|x64
		{7169BD81-F349-475C-A887-059520B078B7}.Debug|x64.Deploy.0 = Debug|x64
		{7169BD81-F349-475C-A887-059520B078B7}.Debug|x86.ActiveCfg = Debug|x86
		{7169BD81-F349-475C-A887-059520B078B7}.Debug|x86.Build.0 = Debug|x86
		{7169BD81-F349-475C-A887-059520B078B7}.Debug|x86.Deploy.0 = Debug|x86
		{7169BD81-F349-475C-A887-059520B078B7}.Release|Any CPU.ActiveCfg = Release|x86
		{7169BD81-F349-475C-A887-059520B078B7}.Release|ARM.ActiveCfg = Release|ARM
		{7169BD81-F349-475C-A887-059520B078B7}.Release|ARM.Build.0 = Release|ARM
		{7169BD81-F349-475C-A887-059520B078B7}.Release|ARM.Deploy.0 = Release|ARM
		{7169BD81-F349-475C-A887-059520B078B7}.Release|iPhone.ActiveCfg = Release|x86
		{7169BD81-F349-475C-A887-059520B078B7}.Release|iPhoneSimulator.ActiveCfg = Release|x86
		{7169BD81-F349-475C-A887-059520B078B7}.Release|x64.ActiveCfg = Release|x64
		{7169BD81-F349-475C-A887-059520B078B7}.Release|x64.Build.0 = Release|x64
		{7169BD81-F349-475C-A887-059520B078B7}.Release|x64.Deploy.0 = Release|x64
		{7169BD81-F349-475C-A887-059520B078B7}.Release|x86.ActiveCfg = Release|x86
		{7169BD81-F349-475C-A887-059520B078B7}.Release|x86.Build.0 = Release|x86
		{7169BD81-F349-475C-A887-059520B078B7}.Release|x86.Deploy.0 = Release|x86
		{6545FE92-CC29-4787-8176-7664EAAF9EFE}.Ad-Hoc|Any CPU.ActiveCfg = Release|Any CPU
		{6545FE92-CC29-4787-8176-7664EAAF9EFE}.Ad-Hoc|Any CPU.Build.0 = Release|Any CPU
		{6545FE92-CC29-4787-8176-7664EAAF9EFE}.Ad-Hoc|Any CPU.Deploy.0 = Release|Any CPU
		{6545FE92-CC29-4787-8176-7664EAAF9EFE}.Ad-Hoc|ARM.ActiveCfg = Release|ARM
		{6545FE92-CC29-4787-8176-7664EAAF9EFE}.Ad-Hoc|ARM.Build.0 = Release|ARM
		{6545FE92-CC29-4787-8176-7664EAAF9EFE}.Ad-Hoc|ARM.Deploy.0 = Release|ARM
		{6545FE92-CC29-4787-8176-7664EAAF9EFE}.Ad-Hoc|iPhone.ActiveCfg = Release|Any CPU
		{6545FE92-CC29-4787-8176-7664EAAF9EFE}.Ad-Hoc|iPhone.Build.0 = Release|Any CPU
		{6545FE92-CC29-4787-8176-7664EAAF9EFE}.Ad-Hoc|iPhone.Deploy.0 = Release|Any CPU
		{6545FE92-CC29-4787-8176-7664EAAF9EFE}.Ad-Hoc|iPhoneSimulator.ActiveCfg = Release|Any CPU
		{6545FE92-CC29-4787-8176-7664EAAF9EFE}.Ad-Hoc|iPhoneSimulator.Build.0 = Release|Any CPU
		{6545FE92-CC29-4787-8176-7664EAAF9EFE}.Ad-Hoc|iPhoneSimulator.Deploy.0 = Release|Any CPU
		{6545FE92-CC29-4787-8176-7664EAAF9EFE}.Ad-Hoc|x64.ActiveCfg = Release|x64
		{6545FE92-CC29-4787-8176-7664EAAF9EFE}.Ad-Hoc|x64.Build.0 = Release|x64
		{6545FE92-CC29-4787-8176-7664EAAF9EFE}.Ad-Hoc|x64.Deploy.0 = Release|x64
		{6545FE92-CC29-4787-8176-7664EAAF9EFE}.Ad-Hoc|x86.ActiveCfg = Release|x86
		{6545FE92-CC29-4787-8176-7664EAAF9EFE}.Ad-Hoc|x86.Build.0 = Release|x86
		{6545FE92-CC29-4787-8176-7664EAAF9EFE}.Ad-Hoc|x86.Deploy.0 = Release|x86
		{6545FE92-CC29-4787-8176-7664EAAF9EFE}.AppStore|Any CPU.ActiveCfg = Release|Any CPU
		{6545FE92-CC29-4787-8176-7664EAAF9EFE}.AppStore|Any CPU.Build.0 = Release|Any CPU
		{6545FE92-CC29-4787-8176-7664EAAF9EFE}.AppStore|Any CPU.Deploy.0 = Release|Any CPU
		{6545FE92-CC29-4787-8176-7664EAAF9EFE}.AppStore|ARM.ActiveCfg = Release|ARM
		{6545FE92-CC29-4787-8176-7664EAAF9EFE}.AppStore|ARM.Build.0 = Release|ARM
		{6545FE92-CC29-4787-8176-7664EAAF9EFE}.AppStore|ARM.Deploy.0 = Release|ARM
		{6545FE92-CC29-4787-8176-7664EAAF9EFE}.AppStore|iPhone.ActiveCfg = Release|Any CPU
		{6545FE92-CC29-4787-8176-7664EAAF9EFE}.AppStore|iPhone.Build.0 = Release|Any CPU
		{6545FE92-CC29-4787-8176-7664EAAF9EFE}.AppStore|iPhone.Deploy.0 = Release|Any CPU
		{6545FE92-CC29-4787-8176-7664EAAF9EFE}.AppStore|iPhoneSimulator.ActiveCfg = Release|Any CPU
		{6545FE92-CC29-4787-8176-7664EAAF9EFE}.AppStore|iPhoneSimulator.Build.0 = Release|Any CPU
		{6545FE92-CC29-4787-8176-7664EAAF9EFE}.AppStore|iPhoneSimulator.Deploy.0 = Release|Any CPU
		{6545FE92-CC29-4787-8176-7664EAAF9EFE}.AppStore|x64.ActiveCfg = Release|x64
		{6545FE92-CC29-4787-8176-7664EAAF9EFE}.AppStore|x64.Build.0 = Release|x64
		{6545FE92-CC29-4787-8176-7664EAAF9EFE}.AppStore|x64.Deploy.0 = Release|x64
		{6545FE92-CC29-4787-8176-7664EAAF9EFE}.AppStore|x86.ActiveCfg = Release|x86
		{6545FE92-CC29-4787-8176-7664EAAF9EFE}.AppStore|x86.Build.0 = Release|x86
		{6545FE92-CC29-4787-8176-7664EAAF9EFE}.AppStore|x86.Deploy.0 = Release|x86
		{6545FE92-CC29-4787-8176-7664EAAF9EFE}.Debug|Any CPU.ActiveCfg = Debug|Any CPU
		{6545FE92-CC29-4787-8176-7664EAAF9EFE}.Debug|Any CPU.Build.0 = Debug|Any CPU
		{6545FE92-CC29-4787-8176-7664EAAF9EFE}.Debug|Any CPU.Deploy.0 = Debug|Any CPU
		{6545FE92-CC29-4787-8176-7664EAAF9EFE}.Debug|ARM.ActiveCfg = Debug|ARM
		{6545FE92-CC29-4787-8176-7664EAAF9EFE}.Debug|ARM.Build.0 = Debug|ARM
		{6545FE92-CC29-4787-8176-7664EAAF9EFE}.Debug|ARM.Deploy.0 = Debug|ARM
		{6545FE92-CC29-4787-8176-7664EAAF9EFE}.Debug|iPhone.ActiveCfg = Debug|Any CPU
		{6545FE92-CC29-4787-8176-7664EAAF9EFE}.Debug|iPhone.Build.0 = Debug|Any CPU
		{6545FE92-CC29-4787-8176-7664EAAF9EFE}.Debug|iPhone.Deploy.0 = Debug|Any CPU
		{6545FE92-CC29-4787-8176-7664EAAF9EFE}.Debug|iPhoneSimulator.ActiveCfg = Debug|Any CPU
		{6545FE92-CC29-4787-8176-7664EAAF9EFE}.Debug|iPhoneSimulator.Build.0 = Debug|Any CPU
		{6545FE92-CC29-4787-8176-7664EAAF9EFE}.Debug|iPhoneSimulator.Deploy.0 = Debug|Any CPU
		{6545FE92-CC29-4787-8176-7664EAAF9EFE}.Debug|x64.ActiveCfg = Debug|x64
		{6545FE92-CC29-4787-8176-7664EAAF9EFE}.Debug|x64.Build.0 = Debug|x64
		{6545FE92-CC29-4787-8176-7664EAAF9EFE}.Debug|x64.Deploy.0 = Debug|x64
		{6545FE92-CC29-4787-8176-7664EAAF9EFE}.Debug|x86.ActiveCfg = Debug|x86
		{6545FE92-CC29-4787-8176-7664EAAF9EFE}.Debug|x86.Build.0 = Debug|x86
		{6545FE92-CC29-4787-8176-7664EAAF9EFE}.Debug|x86.Deploy.0 = Debug|x86
		{6545FE92-CC29-4787-8176-7664EAAF9EFE}.Release|Any CPU.ActiveCfg = Release|Any CPU
		{6545FE92-CC29-4787-8176-7664EAAF9EFE}.Release|Any CPU.Build.0 = Release|Any CPU
		{6545FE92-CC29-4787-8176-7664EAAF9EFE}.Release|Any CPU.Deploy.0 = Release|Any CPU
		{6545FE92-CC29-4787-8176-7664EAAF9EFE}.Release|ARM.ActiveCfg = Release|ARM
		{6545FE92-CC29-4787-8176-7664EAAF9EFE}.Release|ARM.Build.0 = Release|ARM
		{6545FE92-CC29-4787-8176-7664EAAF9EFE}.Release|ARM.Deploy.0 = Release|ARM
		{6545FE92-CC29-4787-8176-7664EAAF9EFE}.Release|iPhone.ActiveCfg = Release|Any CPU
		{6545FE92-CC29-4787-8176-7664EAAF9EFE}.Release|iPhone.Build.0 = Release|Any CPU
		{6545FE92-CC29-4787-8176-7664EAAF9EFE}.Release|iPhone.Deploy.0 = Release|Any CPU
		{6545FE92-CC29-4787-8176-7664EAAF9EFE}.Release|iPhoneSimulator.ActiveCfg = Release|Any CPU
		{6545FE92-CC29-4787-8176-7664EAAF9EFE}.Release|iPhoneSimulator.Build.0 = Release|Any CPU
		{6545FE92-CC29-4787-8176-7664EAAF9EFE}.Release|iPhoneSimulator.Deploy.0 = Release|Any CPU
		{6545FE92-CC29-4787-8176-7664EAAF9EFE}.Release|x64.ActiveCfg = Release|x64
		{6545FE92-CC29-4787-8176-7664EAAF9EFE}.Release|x64.Build.0 = Release|x64
		{6545FE92-CC29-4787-8176-7664EAAF9EFE}.Release|x64.Deploy.0 = Release|x64
		{6545FE92-CC29-4787-8176-7664EAAF9EFE}.Release|x86.ActiveCfg = Release|x86
		{6545FE92-CC29-4787-8176-7664EAAF9EFE}.Release|x86.Build.0 = Release|x86
		{6545FE92-CC29-4787-8176-7664EAAF9EFE}.Release|x86.Deploy.0 = Release|x86
		{5A944EDC-7056-494A-ACEA-A8D82D5842EE}.Ad-Hoc|Any CPU.ActiveCfg = Release|Any CPU
		{5A944EDC-7056-494A-ACEA-A8D82D5842EE}.Ad-Hoc|Any CPU.Build.0 = Release|Any CPU
		{5A944EDC-7056-494A-ACEA-A8D82D5842EE}.Ad-Hoc|ARM.ActiveCfg = Release|Any CPU
		{5A944EDC-7056-494A-ACEA-A8D82D5842EE}.Ad-Hoc|ARM.Build.0 = Release|Any CPU
		{5A944EDC-7056-494A-ACEA-A8D82D5842EE}.Ad-Hoc|iPhone.ActiveCfg = Release|Any CPU
		{5A944EDC-7056-494A-ACEA-A8D82D5842EE}.Ad-Hoc|iPhone.Build.0 = Release|Any CPU
		{5A944EDC-7056-494A-ACEA-A8D82D5842EE}.Ad-Hoc|iPhoneSimulator.ActiveCfg = Release|Any CPU
		{5A944EDC-7056-494A-ACEA-A8D82D5842EE}.Ad-Hoc|iPhoneSimulator.Build.0 = Release|Any CPU
		{5A944EDC-7056-494A-ACEA-A8D82D5842EE}.Ad-Hoc|x64.ActiveCfg = Release|Any CPU
		{5A944EDC-7056-494A-ACEA-A8D82D5842EE}.Ad-Hoc|x64.Build.0 = Release|Any CPU
		{5A944EDC-7056-494A-ACEA-A8D82D5842EE}.Ad-Hoc|x86.ActiveCfg = Release|Any CPU
		{5A944EDC-7056-494A-ACEA-A8D82D5842EE}.Ad-Hoc|x86.Build.0 = Release|Any CPU
		{5A944EDC-7056-494A-ACEA-A8D82D5842EE}.AppStore|Any CPU.ActiveCfg = Release|Any CPU
		{5A944EDC-7056-494A-ACEA-A8D82D5842EE}.AppStore|Any CPU.Build.0 = Release|Any CPU
		{5A944EDC-7056-494A-ACEA-A8D82D5842EE}.AppStore|ARM.ActiveCfg = Release|Any CPU
		{5A944EDC-7056-494A-ACEA-A8D82D5842EE}.AppStore|ARM.Build.0 = Release|Any CPU
		{5A944EDC-7056-494A-ACEA-A8D82D5842EE}.AppStore|iPhone.ActiveCfg = Release|Any CPU
		{5A944EDC-7056-494A-ACEA-A8D82D5842EE}.AppStore|iPhone.Build.0 = Release|Any CPU
		{5A944EDC-7056-494A-ACEA-A8D82D5842EE}.AppStore|iPhoneSimulator.ActiveCfg = Release|Any CPU
		{5A944EDC-7056-494A-ACEA-A8D82D5842EE}.AppStore|iPhoneSimulator.Build.0 = Release|Any CPU
		{5A944EDC-7056-494A-ACEA-A8D82D5842EE}.AppStore|x64.ActiveCfg = Release|Any CPU
		{5A944EDC-7056-494A-ACEA-A8D82D5842EE}.AppStore|x64.Build.0 = Release|Any CPU
		{5A944EDC-7056-494A-ACEA-A8D82D5842EE}.AppStore|x86.ActiveCfg = Release|Any CPU
		{5A944EDC-7056-494A-ACEA-A8D82D5842EE}.AppStore|x86.Build.0 = Release|Any CPU
		{5A944EDC-7056-494A-ACEA-A8D82D5842EE}.Debug|Any CPU.ActiveCfg = Debug|Any CPU
		{5A944EDC-7056-494A-ACEA-A8D82D5842EE}.Debug|Any CPU.Build.0 = Debug|Any CPU
		{5A944EDC-7056-494A-ACEA-A8D82D5842EE}.Debug|ARM.ActiveCfg = Debug|Any CPU
		{5A944EDC-7056-494A-ACEA-A8D82D5842EE}.Debug|ARM.Build.0 = Debug|Any CPU
		{5A944EDC-7056-494A-ACEA-A8D82D5842EE}.Debug|iPhone.ActiveCfg = Debug|Any CPU
		{5A944EDC-7056-494A-ACEA-A8D82D5842EE}.Debug|iPhone.Build.0 = Debug|Any CPU
		{5A944EDC-7056-494A-ACEA-A8D82D5842EE}.Debug|iPhoneSimulator.ActiveCfg = Debug|Any CPU
		{5A944EDC-7056-494A-ACEA-A8D82D5842EE}.Debug|iPhoneSimulator.Build.0 = Debug|Any CPU
		{5A944EDC-7056-494A-ACEA-A8D82D5842EE}.Debug|x64.ActiveCfg = Debug|Any CPU
		{5A944EDC-7056-494A-ACEA-A8D82D5842EE}.Debug|x64.Build.0 = Debug|Any CPU
		{5A944EDC-7056-494A-ACEA-A8D82D5842EE}.Debug|x86.ActiveCfg = Debug|Any CPU
		{5A944EDC-7056-494A-ACEA-A8D82D5842EE}.Debug|x86.Build.0 = Debug|Any CPU
		{5A944EDC-7056-494A-ACEA-A8D82D5842EE}.Release|Any CPU.ActiveCfg = Release|Any CPU
		{5A944EDC-7056-494A-ACEA-A8D82D5842EE}.Release|Any CPU.Build.0 = Release|Any CPU
		{5A944EDC-7056-494A-ACEA-A8D82D5842EE}.Release|ARM.ActiveCfg = Release|Any CPU
		{5A944EDC-7056-494A-ACEA-A8D82D5842EE}.Release|ARM.Build.0 = Release|Any CPU
		{5A944EDC-7056-494A-ACEA-A8D82D5842EE}.Release|iPhone.ActiveCfg = Release|Any CPU
		{5A944EDC-7056-494A-ACEA-A8D82D5842EE}.Release|iPhone.Build.0 = Release|Any CPU
		{5A944EDC-7056-494A-ACEA-A8D82D5842EE}.Release|iPhoneSimulator.ActiveCfg = Release|Any CPU
		{5A944EDC-7056-494A-ACEA-A8D82D5842EE}.Release|iPhoneSimulator.Build.0 = Release|Any CPU
		{5A944EDC-7056-494A-ACEA-A8D82D5842EE}.Release|x64.ActiveCfg = Release|Any CPU
		{5A944EDC-7056-494A-ACEA-A8D82D5842EE}.Release|x64.Build.0 = Release|Any CPU
		{5A944EDC-7056-494A-ACEA-A8D82D5842EE}.Release|x86.ActiveCfg = Release|Any CPU
		{5A944EDC-7056-494A-ACEA-A8D82D5842EE}.Release|x86.Build.0 = Release|Any CPU
	EndGlobalSection
	GlobalSection(SolutionProperties) = preSolution
		HideSolutionNode = FALSE
	EndGlobalSection
EndGlobal
